
Microsoft Visual Studio Solution File, Format Version 12.00
# Visual Studio Version 17
VisualStudioVersion = 17.14.36401.2
MinimumVisualStudioVersion = 10.0.40219.1
Project("{FAE04EC0-301F-11D3-BF4B-00C04F79EFBC}") = "bgbahasajerman_FullBlazorWebApp", "bgbahasajerman_FullBlazorWebApp\bgbahasajerman_FullBlazorWebApp.csproj", "{2B216596-7E0F-4F9F-B861-3ADB945412CD}"
EndProject
Project("{FAE04EC0-301F-11D3-BF4B-00C04F79EFBC}") = "bgbahasajerman_FullBlazorWebApp.Client", "bgbahasajerman_FullBlazorWebApp.Client\bgbahasajerman_FullBlazorWebApp.Client.csproj", "{060FB8BB-AD41-4AD4-A7AD-962F1F791B99}"
EndProject
Project("{FAE04EC0-301F-11D3-BF4B-00C04F79EFBC}") = "bgbahasajerman_RazorClassLibrary", "..\bgbahasajerman_RazorClassLibrary\bgbahasajerman_RazorClassLibrary.csproj", "{66980363-A022-24FD-3E27-977F2C7BA803}"
EndProject
Global
	GlobalSection(SolutionConfigurationPlatforms) = preSolution
		Debug|Any CPU = Debug|Any CPU
		Release|Any CPU = Release|Any CPU
	EndGlobalSection
	GlobalSection(ProjectConfigurationPlatforms) = postSolution
		{2B216596-7E0F-4F9F-B861-3ADB945412CD}.Debug|Any CPU.ActiveCfg = Debug|Any CPU
		{2B216596-7E0F-4F9F-B861-3ADB945412CD}.Debug|Any CPU.Build.0 = Debug|Any CPU
		{2B216596-7E0F-4F9F-B861-3ADB945412CD}.Release|Any CPU.ActiveCfg = Release|Any CPU
		{2B216596-7E0F-4F9F-B861-3ADB945412CD}.Release|Any CPU.Build.0 = Release|Any CPU
		{060FB8BB-AD41-4AD4-A7AD-962F1F791B99}.Debug|Any CPU.ActiveCfg = Debug|Any CPU
		{060FB8BB-AD41-4AD4-A7AD-962F1F791B99}.Debug|Any CPU.Build.0 = Debug|Any CPU
		{060FB8BB-AD41-4AD4-A7AD-962F1F791B99}.Release|Any CPU.ActiveCfg = Release|Any CPU
		{060FB8BB-AD41-4AD4-A7AD-962F1F791B99}.Release|Any CPU.Build.0 = Release|Any CPU
		{66980363-A022-24FD-3E27-977F2C7BA803}.Debug|Any CPU.ActiveCfg = Debug|Any CPU
		{66980363-A022-24FD-3E27-977F2C7BA803}.Debug|Any CPU.Build.0 = Debug|Any CPU
		{66980363-A022-24FD-3E27-977F2C7BA803}.Release|Any CPU.ActiveCfg = Release|Any CPU
		{66980363-A022-24FD-3E27-977F2C7BA803}.Release|Any CPU.Build.0 = Release|Any CPU
	EndGlobalSection
	GlobalSection(SolutionProperties) = preSolution
		HideSolutionNode = FALSE
	EndGlobalSection
	GlobalSection(ExtensibilityGlobals) = postSolution
		SolutionGuid = {F78B2ECD-0CFA-4723-AD8F-970987568BD7}
	EndGlobalSection
EndGlobal
